
Microsoft Visual Studio Solution File, Format Version 12.00
# Visual Studio 15
Project("{FAE04EC0-301F-11D3-BF4B-00C04F79EFBC}") = "PhotonUnityNetworking.Utilities", "PhotonUnityNetworking.Utilities.csproj", "{537829FC-4018-1463-AAC7-027D551E9043}"
EndProject
Project("{FAE04EC0-301F-11D3-BF4B-00C04F79EFBC}") = "Assembly-CSharp", "Assembly-CSharp.csproj", "{1BD795DD-FB3F-AE33-5D7F-A7ECDFF7B3F5}"
EndProject
Project("{FAE04EC0-301F-11D3-BF4B-00C04F79EFBC}") = "PhotonUnityNetworking.Demos", "PhotonUnityNetworking.Demos.csproj", "{13B74BDA-C4F3-B735-7162-B22D941D90BD}"
EndProject
Project("{FAE04EC0-301F-11D3-BF4B-00C04F79EFBC}") = "PhotonUnityNetworking", "PhotonUnityNetworking.csproj", "{EC5F46F2-0B7D-7636-E634-D96E7DD9153F}"
EndProject
Project("{FAE04EC0-301F-11D3-BF4B-00C04F79EFBC}") = "PhotonChat", "PhotonChat.csproj", "{7405770B-8210-5EEF-59BF-8469AA914A44}"
EndProject
Project("{FAE04EC0-301F-11D3-BF4B-00C04F79EFBC}") = "PhotonRealtime", "PhotonRealtime.csproj", "{B336F1A4-2734-731F-4989-7AD81AF947F8}"
EndProject
Project("{FAE04EC0-301F-11D3-BF4B-00C04F79EFBC}") = "PhotonUnityNetworking.Editor", "PhotonUnityNetworking.Editor.csproj", "{A1BB029C-A89E-D852-25D4-B8F99986B723}"
EndProject
Project("{FAE04EC0-301F-11D3-BF4B-00C04F79EFBC}") = "PhotonUnityNetworking.Utilities.PhotonPlayer.Editor", "PhotonUnityNetworking.Utilities.PhotonPlayer.Editor.csproj", "{41E67BA8-6A4B-7436-5A06-993C16DF5DF9}"
EndProject
Project("{FAE04EC0-301F-11D3-BF4B-00C04F79EFBC}") = "PunDemos.DemoSlotcarEditor", "PunDemos.DemoSlotcarEditor.csproj", "{C044655F-335E-49E0-A1D3-55E7D716E22E}"
EndProject
Project("{FAE04EC0-301F-11D3-BF4B-00C04F79EFBC}") = "PhotonUnityNetworking.Utilities.Culling.Editor", "PhotonUnityNetworking.Utilities.Culling.Editor.csproj", "{F3C35A64-6EFD-D130-E57A-7B59265B402A}"
EndProject
Project("{FAE04EC0-301F-11D3-BF4B-00C04F79EFBC}") = "PunDemos.DemoHubEditor", "PunDemos.DemoHubEditor.csproj", "{8E6333F8-EB1C-E5C0-AD2C-F406E2889026}"
EndProject
Global
	GlobalSection(SolutionConfigurationPlatforms) = preSolution
		Debug|Any CPU = Debug|Any CPU
		Release|Any CPU = Release|Any CPU
	EndGlobalSection
	GlobalSection(ProjectConfigurationPlatforms) = postSolution
		{537829FC-4018-1463-AAC7-027D551E9043}.Debug|Any CPU.ActiveCfg = Debug|Any CPU
		{537829FC-4018-1463-AAC7-027D551E9043}.Debug|Any CPU.Build.0 = Debug|Any CPU
		{537829FC-4018-1463-AAC7-027D551E9043}.Release|Any CPU.ActiveCfg = Release|Any CPU
		{537829FC-4018-1463-AAC7-027D551E9043}.Release|Any CPU.Build.0 = Release|Any CPU
		{1BD795DD-FB3F-AE33-5D7F-A7ECDFF7B3F5}.Debug|Any CPU.ActiveCfg = Debug|Any CPU
		{1BD795DD-FB3F-AE33-5D7F-A7ECDFF7B3F5}.Debug|Any CPU.Build.0 = Debug|Any CPU
		{1BD795DD-FB3F-AE33-5D7F-A7ECDFF7B3F5}.Release|Any CPU.ActiveCfg = Release|Any CPU
		{1BD795DD-FB3F-AE33-5D7F-A7ECDFF7B3F5}.Release|Any CPU.Build.0 = Release|Any CPU
		{13B74BDA-C4F3-B735-7162-B22D941D90BD}.Debug|Any CPU.ActiveCfg = Debug|Any CPU
		{13B74BDA-C4F3-B735-7162-B22D941D90BD}.Debug|Any CPU.Build.0 = Debug|Any CPU
		{13B74BDA-C4F3-B735-7162-B22D941D90BD}.Release|Any CPU.ActiveCfg = Release|Any CPU
		{13B74BDA-C4F3-B735-7162-B22D941D90BD}.Release|Any CPU.Build.0 = Release|Any CPU
		{EC5F46F2-0B7D-7636-E634-D96E7DD9153F}.Debug|Any CPU.ActiveCfg = Debug|Any CPU
		{EC5F46F2-0B7D-7636-E634-D96E7DD9153F}.Debug|Any CPU.Build.0 = Debug|Any CPU
		{EC5F46F2-0B7D-7636-E634-D96E7DD9153F}.Release|Any CPU.ActiveCfg = Release|Any CPU
		{EC5F46F2-0B7D-7636-E634-D96E7DD9153F}.Release|Any CPU.Build.0 = Release|Any CPU
		{7405770B-8210-5EEF-59BF-8469AA914A44}.Debug|Any CPU.ActiveCfg = Debug|Any CPU
		{7405770B-8210-5EEF-59BF-8469AA914A44}.Debug|Any CPU.Build.0 = Debug|Any CPU
		{7405770B-8210-5EEF-59BF-8469AA914A44}.Release|Any CPU.ActiveCfg = Release|Any CPU
		{7405770B-8210-5EEF-59BF-8469AA914A44}.Release|Any CPU.Build.0 = Release|Any CPU
		{B336F1A4-2734-731F-4989-7AD81AF947F8}.Debug|Any CPU.ActiveCfg = Debug|Any CPU
		{B336F1A4-2734-731F-4989-7AD81AF947F8}.Debug|Any CPU.Build.0 = Debug|Any CPU
		{B336F1A4-2734-731F-4989-7AD81AF947F8}.Release|Any CPU.ActiveCfg = Release|Any CPU
		{B336F1A4-2734-731F-4989-7AD81AF947F8}.Release|Any CPU.Build.0 = Release|Any CPU
		{A1BB029C-A89E-D852-25D4-B8F99986B723}.Debug|Any CPU.ActiveCfg = Debug|Any CPU
		{A1BB029C-A89E-D852-25D4-B8F99986B723}.Debug|Any CPU.Build.0 = Debug|Any CPU
		{A1BB029C-A89E-D852-25D4-B8F99986B723}.Release|Any CPU.ActiveCfg = Release|Any CPU
		{A1BB029C-A89E-D852-25D4-B8F99986B723}.Release|Any CPU.Build.0 = Release|Any CPU
		{41E67BA8-6A4B-7436-5A06-993C16DF5DF9}.Debug|Any CPU.ActiveCfg = Debug|Any CPU
		{41E67BA8-6A4B-7436-5A06-993C16DF5DF9}.Debug|Any CPU.Build.0 = Debug|Any CPU
		{41E67BA8-6A4B-7436-5A06-993C16DF5DF9}.Release|Any CPU.ActiveCfg = Release|Any CPU
		{41E67BA8-6A4B-7436-5A06-993C16DF5DF9}.Release|Any CPU.Build.0 = Release|Any CPU
		{C044655F-335E-49E0-A1D3-55E7D716E22E}.Debug|Any CPU.ActiveCfg = Debug|Any CPU
		{C044655F-335E-49E0-A1D3-55E7D716E22E}.Debug|Any CPU.Build.0 = Debug|Any CPU
		{C044655F-335E-49E0-A1D3-55E7D716E22E}.Release|Any CPU.ActiveCfg = Release|Any CPU
		{C044655F-335E-49E0-A1D3-55E7D716E22E}.Release|Any CPU.Build.0 = Release|Any CPU
		{F3C35A64-6EFD-D130-E57A-7B59265B402A}.Debug|Any CPU.ActiveCfg = Debug|Any CPU
		{F3C35A64-6EFD-D130-E57A-7B59265B402A}.Debug|Any CPU.Build.0 = Debug|Any CPU
		{F3C35A64-6EFD-D130-E57A-7B59265B402A}.Release|Any CPU.ActiveCfg = Release|Any CPU
		{F3C35A64-6EFD-D130-E57A-7B59265B402A}.Release|Any CPU.Build.0 = Release|Any CPU
		{8E6333F8-EB1C-E5C0-AD2C-F406E2889026}.Debug|Any CPU.ActiveCfg = Debug|Any CPU
		{8E6333F8-EB1C-E5C0-AD2C-F406E2889026}.Debug|Any CPU.Build.0 = Debug|Any CPU
		{8E6333F8-EB1C-E5C0-AD2C-F406E2889026}.Release|Any CPU.ActiveCfg = Release|Any CPU
		{8E6333F8-EB1C-E5C0-AD2C-F406E2889026}.Release|Any CPU.Build.0 = Release|Any CPU
	EndGlobalSection
	GlobalSection(SolutionProperties) = preSolution
		HideSolutionNode = FALSE
	EndGlobalSection
EndGlobal
